
Microsoft Visual Studio Solution File, Format Version 12.00
# Visual Studio Version 17
VisualStudioVersion = 17.11.35303.130
MinimumVisualStudioVersion = 10.0.40219.1
Project("{FAE04EC0-301F-11D3-BF4B-00C04F79EFBC}") = "One.Services.Web.Users", "One.Services.Web.Users\One.Services.Web.Users.csproj", "{F4A47596-6604-4CF2-9643-34FD973D75E9}"
EndProject
Project("{FAE04EC0-301F-11D3-BF4B-00C04F79EFBC}") = "One.Database.Users", "One.Database.Users\One.Database.Users.csproj", "{505A30FF-4E31-4665-B27B-54B825929177}"
EndProject
Project("{FAE04EC0-301F-11D3-BF4B-00C04F79EFBC}") = "One.Models.Users", "One.Models.Users\One.Models.Users.csproj", "{C4F32171-20A8-4B47-992A-CB66895492D1}"
EndProject
Global
	GlobalSection(SolutionConfigurationPlatforms) = preSolution
		Debug|Any CPU = Debug|Any CPU
		Release|Any CPU = Release|Any CPU
	EndGlobalSection
	GlobalSection(ProjectConfigurationPlatforms) = postSolution
		{F4A47596-6604-4CF2-9643-34FD973D75E9}.Debug|Any CPU.ActiveCfg = Debug|Any CPU
		{F4A47596-6604-4CF2-9643-34FD973D75E9}.Debug|Any CPU.Build.0 = Debug|Any CPU
		{F4A47596-6604-4CF2-9643-34FD973D75E9}.Release|Any CPU.ActiveCfg = Release|Any CPU
		{F4A47596-6604-4CF2-9643-34FD973D75E9}.Release|Any CPU.Build.0 = Release|Any CPU
		{505A30FF-4E31-4665-B27B-54B825929177}.Debug|Any CPU.ActiveCfg = Debug|Any CPU
		{505A30FF-4E31-4665-B27B-54B825929177}.Debug|Any CPU.Build.0 = Debug|Any CPU
		{505A30FF-4E31-4665-B27B-54B825929177}.Release|Any CPU.ActiveCfg = Release|Any CPU
		{505A30FF-4E31-4665-B27B-54B825929177}.Release|Any CPU.Build.0 = Release|Any CPU
		{C4F32171-20A8-4B47-992A-CB66895492D1}.Debug|Any CPU.ActiveCfg = Debug|Any CPU
		{C4F32171-20A8-4B47-992A-CB66895492D1}.Debug|Any CPU.Build.0 = Debug|Any CPU
		{C4F32171-20A8-4B47-992A-CB66895492D1}.Release|Any CPU.ActiveCfg = Release|Any CPU
		{C4F32171-20A8-4B47-992A-CB66895492D1}.Release|Any CPU.Build.0 = Release|Any CPU
	EndGlobalSection
	GlobalSection(SolutionProperties) = preSolution
		HideSolutionNode = FALSE
	EndGlobalSection
	GlobalSection(ExtensibilityGlobals) = postSolution
		SolutionGuid = {81C8BF0E-C402-4084-ACC6-DD5B995C3FE0}
	EndGlobalSection
EndGlobal
